
Microsoft Visual Studio Solution File, Format Version 12.00
# Visual Studio Version 17
VisualStudioVersion = 17.3.32929.385
MinimumVisualStudioVersion = 10.0.40219.1
Project("{FAE04EC0-301F-11D3-BF4B-00C04F79EFBC}") = "LLA-KEYGEN", "LLA-KEYGEN\LLA-KEYGEN.csproj", "{D8D1249D-4841-499B-AD63-2890554BF55E}"
EndProject
Global
	GlobalSection(SolutionConfigurationPlatforms) = preSolution
		Debug|Any CPU = Debug|Any CPU
		Release|Any CPU = Release|Any CPU
	EndGlobalSection
	GlobalSection(ProjectConfigurationPlatforms) = postSolution
		{D8D1249D-4841-499B-AD63-2890554BF55E}.Debug|Any CPU.ActiveCfg = Debug|Any CPU
		{D8D1249D-4841-499B-AD63-2890554BF55E}.Debug|Any CPU.Build.0 = Debug|Any CPU
		{D8D1249D-4841-499B-AD63-2890554BF55E}.Release|Any CPU.ActiveCfg = Release|Any CPU
		{D8D1249D-4841-499B-AD63-2890554BF55E}.Release|Any CPU.Build.0 = Release|Any CPU
	EndGlobalSection
	GlobalSection(SolutionProperties) = preSolution
		HideSolutionNode = FALSE
	EndGlobalSection
	GlobalSection(ExtensibilityGlobals) = postSolution
		SolutionGuid = {83BA2796-7DF8-4D0E-82F8-634440067F0A}
	EndGlobalSection
EndGlobal
